// !$*UTF8*$!
{
	archiveVersion = 1;
	classes = {
	};
	objectVersion = 50;
	objects = {

/* Begin PBXBuildFile section */
		D845D92C2647E76B00757434 /* AppDelegate.swift in Sources */ = {isa = PBXBuildFile; fileRef = D845D92B2647E76B00757434 /* AppDelegate.swift */; };
		D845D9352647E76D00757434 /* Assets.xcassets in Resources */ = {isa = PBXBuildFile; fileRef = D845D9342647E76D00757434 /* Assets.xcassets */; };
		D845D9382647E76D00757434 /* LaunchScreen.storyboard in Resources */ = {isa = PBXBuildFile; fileRef = D845D9362647E76D00757434 /* LaunchScreen.storyboard */; };
		D845D9432647E76D00757434 /* SpeedEvalTests.swift in Sources */ = {isa = PBXBuildFile; fileRef = D845D9422647E76D00757434 /* SpeedEvalTests.swift */; };
		D845D94E2647E76D00757434 /* SpeedEvalUITests.swift in Sources */ = {isa = PBXBuildFile; fileRef = D845D94D2647E76D00757434 /* SpeedEvalUITests.swift */; };
		D845D95F2647E7F900757434 /* AppCommons.swift in Sources */ = {isa = PBXBuildFile; fileRef = D845D95E2647E7F900757434 /* AppCommons.swift */; };
		D845D9602647E7F900757434 /* AppCommons.swift in Sources */ = {isa = PBXBuildFile; fileRef = D845D95E2647E7F900757434 /* AppCommons.swift */; };
		D845D9612647E7F900757434 /* AppCommons.swift in Sources */ = {isa = PBXBuildFile; fileRef = D845D95E2647E7F900757434 /* AppCommons.swift */; };
		D845D96C2647E98100757434 /* MainViewController.swift in Sources */ = {isa = PBXBuildFile; fileRef = D845D96B2647E98100757434 /* MainViewController.swift */; };
		D845D96D2647E98100757434 /* MainViewController.swift in Sources */ = {isa = PBXBuildFile; fileRef = D845D96B2647E98100757434 /* MainViewController.swift */; };
		D845D96E2647E98100757434 /* MainViewController.swift in Sources */ = {isa = PBXBuildFile; fileRef = D845D96B2647E98100757434 /* MainViewController.swift */; };
		D845D9832647EDA800757434 /* CoreGraphics.framework in Frameworks */ = {isa = PBXBuildFile; fileRef = D845D9822647EDA800757434 /* CoreGraphics.framework */; };
/* End PBXBuildFile section */

/* Begin PBXContainerItemProxy section */
		D845D93F2647E76D00757434 /* PBXContainerItemProxy */ = {
			isa = PBXContainerItemProxy;
			containerPortal = D845D9202647E76B00757434 /* Project object */;
			proxyType = 1;
			remoteGlobalIDString = D845D9272647E76B00757434;
			remoteInfo = SpeedEval;
		};
		D845D94A2647E76D00757434 /* PBXContainerItemProxy */ = {
			isa = PBXContainerItemProxy;
			containerPortal = D845D9202647E76B00757434 /* Project object */;
			proxyType = 1;
			remoteGlobalIDString = D845D9272647E76B00757434;
			remoteInfo = SpeedEval;
		};
/* End PBXContainerItemProxy section */

/* Begin PBXFileReference section */
		D845D9282647E76B00757434 /* SpeedEval.app */ = {isa = PBXFileReference; explicitFileType = wrapper.application; includeInIndex = 0; path = SpeedEval.app; sourceTree = BUILT_PRODUCTS_DIR; };
		D845D92B2647E76B00757434 /* AppDelegate.swift */ = {isa = PBXFileReference; lastKnownFileType = sourcecode.swift; path = AppDelegate.swift; sourceTree = "<group>"; };
		D845D9342647E76D00757434 /* Assets.xcassets */ = {isa = PBXFileReference; lastKnownFileType = folder.assetcatalog; path = Assets.xcassets; sourceTree = "<group>"; };
		D845D9372647E76D00757434 /* Base */ = {isa = PBXFileReference; lastKnownFileType = file.storyboard; name = Base; path = Base.lproj/LaunchScreen.storyboard; sourceTree = "<group>"; };
		D845D9392647E76D00757434 /* Info.plist */ = {isa = PBXFileReference; lastKnownFileType = text.plist.xml; path = Info.plist; sourceTree = "<group>"; };
		D845D93E2647E76D00757434 /* SpeedEvalTests.xctest */ = {isa = PBXFileReference; explicitFileType = wrapper.cfbundle; includeInIndex = 0; path = SpeedEvalTests.xctest; sourceTree = BUILT_PRODUCTS_DIR; };
		D845D9422647E76D00757434 /* SpeedEvalTests.swift */ = {isa = PBXFileReference; lastKnownFileType = sourcecode.swift; path = SpeedEvalTests.swift; sourceTree = "<group>"; };
		D845D9442647E76D00757434 /* Info.plist */ = {isa = PBXFileReference; lastKnownFileType = text.plist.xml; path = Info.plist; sourceTree = "<group>"; };
		D845D9492647E76D00757434 /* SpeedEvalUITests.xctest */ = {isa = PBXFileReference; explicitFileType = wrapper.cfbundle; includeInIndex = 0; path = SpeedEvalUITests.xctest; sourceTree = BUILT_PRODUCTS_DIR; };
		D845D94D2647E76D00757434 /* SpeedEvalUITests.swift */ = {isa = PBXFileReference; lastKnownFileType = sourcecode.swift; path = SpeedEvalUITests.swift; sourceTree = "<group>"; };
		D845D94F2647E76D00757434 /* Info.plist */ = {isa = PBXFileReference; lastKnownFileType = text.plist.xml; path = Info.plist; sourceTree = "<group>"; };
		D845D95E2647E7F900757434 /* AppCommons.swift */ = {isa = PBXFileReference; lastKnownFileType = sourcecode.swift; path = AppCommons.swift; sourceTree = "<group>"; };
		D845D96B2647E98100757434 /* MainViewController.swift */ = {isa = PBXFileReference; lastKnownFileType = sourcecode.swift; path = MainViewController.swift; sourceTree = "<group>"; };
		D845D9822647EDA800757434 /* CoreGraphics.framework */ = {isa = PBXFileReference; lastKnownFileType = wrapper.framework; name = CoreGraphics.framework; path = System/Library/Frameworks/CoreGraphics.framework; sourceTree = SDKROOT; };
/* End PBXFileReference section */

/* Begin PBXFrameworksBuildPhase section */
		D845D9252647E76B00757434 /* Frameworks */ = {
			isa = PBXFrameworksBuildPhase;
			buildActionMask = 2147483647;
			files = (
				D845D9832647EDA800757434 /* CoreGraphics.framework in Frameworks */,
			);
			runOnlyForDeploymentPostprocessing = 0;
		};
		D845D93B2647E76D00757434 /* Frameworks */ = {
			isa = PBXFrameworksBuildPhase;
			buildActionMask = 2147483647;
			files = (
			);
			runOnlyForDeploymentPostprocessing = 0;
		};
		D845D9462647E76D00757434 /* Frameworks */ = {
			isa = PBXFrameworksBuildPhase;
			buildActionMask = 2147483647;
			files = (
			);
			runOnlyForDeploymentPostprocessing = 0;
		};
/* End PBXFrameworksBuildPhase section */

/* Begin PBXGroup section */
		D845D91F2647E76B00757434 = {
			isa = PBXGroup;
			children = (
				D845D92A2647E76B00757434 /* SpeedEval */,
				D845D9412647E76D00757434 /* SpeedEvalTests */,
				D845D94C2647E76D00757434 /* SpeedEvalUITests */,
				D845D9292647E76B00757434 /* Products */,
				D845D9812647EDA800757434 /* Frameworks */,
			);
			sourceTree = "<group>";
		};
		D845D9292647E76B00757434 /* Products */ = {
			isa = PBXGroup;
			children = (
				D845D9282647E76B00757434 /* SpeedEval.app */,
				D845D93E2647E76D00757434 /* SpeedEvalTests.xctest */,
				D845D9492647E76D00757434 /* SpeedEvalUITests.xctest */,
			);
			name = Products;
			sourceTree = "<group>";
		};
		D845D92A2647E76B00757434 /* SpeedEval */ = {
			isa = PBXGroup;
			children = (
				D845D9392647E76D00757434 /* Info.plist */,
				D845D96B2647E98100757434 /* MainViewController.swift */,
				D845D9782647EB9000757434 /* App commons */,
				D845D97C2647EBCC00757434 /* AppUI */,
				D845D97D2647EBEE00757434 /* App assets */,
			);
			path = SpeedEval;
			sourceTree = "<group>";
		};
		D845D9412647E76D00757434 /* SpeedEvalTests */ = {
			isa = PBXGroup;
			children = (
				D845D9422647E76D00757434 /* SpeedEvalTests.swift */,
				D845D9442647E76D00757434 /* Info.plist */,
			);
			path = SpeedEvalTests;
			sourceTree = "<group>";
		};
		D845D94C2647E76D00757434 /* SpeedEvalUITests */ = {
			isa = PBXGroup;
			children = (
				D845D94D2647E76D00757434 /* SpeedEvalUITests.swift */,
				D845D94F2647E76D00757434 /* Info.plist */,
			);
			path = SpeedEvalUITests;
			sourceTree = "<group>";
		};
		D845D9782647EB9000757434 /* App commons */ = {
			isa = PBXGroup;
			children = (
				D845D92B2647E76B00757434 /* AppDelegate.swift */,
				D845D95E2647E7F900757434 /* AppCommons.swift */,
			);
			path = "App commons";
			sourceTree = "<group>";
		};
		D845D97C2647EBCC00757434 /* AppUI */ = {
			isa = PBXGroup;
			children = (
				D845D9362647E76D00757434 /* LaunchScreen.storyboard */,
			);
			path = AppUI;
			sourceTree = "<group>";
		};
		D845D97D2647EBEE00757434 /* App assets */ = {
			isa = PBXGroup;
			children = (
				D845D9342647E76D00757434 /* Assets.xcassets */,
			);
			path = "App assets";
			sourceTree = "<group>";
		};
		D845D9812647EDA800757434 /* Frameworks */ = {
			isa = PBXGroup;
			children = (
				D845D9822647EDA800757434 /* CoreGraphics.framework */,
			);
			name = Frameworks;
			sourceTree = "<group>";
		};
/* End PBXGroup section */

/* Begin PBXNativeTarget section */
		D845D9272647E76B00757434 /* SpeedEval */ = {
			isa = PBXNativeTarget;
			buildConfigurationList = D845D9522647E76D00757434 /* Build configuration list for PBXNativeTarget "SpeedEval" */;
			buildPhases = (
				D845D9242647E76B00757434 /* Sources */,
				D845D9252647E76B00757434 /* Frameworks */,
				D845D9262647E76B00757434 /* Resources */,
			);
			buildRules = (
			);
			dependencies = (
			);
			name = SpeedEval;
			productName = SpeedEval;
			productReference = D845D9282647E76B00757434 /* SpeedEval.app */;
			productType = "com.apple.product-type.application";
		};
		D845D93D2647E76D00757434 /* SpeedEvalTests */ = {
			isa = PBXNativeTarget;
			buildConfigurationList = D845D9552647E76D00757434 /* Build configuration list for PBXNativeTarget "SpeedEvalTests" */;
			buildPhases = (
				D845D93A2647E76D00757434 /* Sources */,
				D845D93B2647E76D00757434 /* Frameworks */,
				D845D93C2647E76D00757434 /* Resources */,
			);
			buildRules = (
			);
			dependencies = (
				D845D9402647E76D00757434 /* PBXTargetDependency */,
			);
			name = SpeedEvalTests;
			productName = SpeedEvalTests;
			productReference = D845D93E2647E76D00757434 /* SpeedEvalTests.xctest */;
			productType = "com.apple.product-type.bundle.unit-test";
		};
		D845D9482647E76D00757434 /* SpeedEvalUITests */ = {
			isa = PBXNativeTarget;
			buildConfigurationList = D845D9582647E76D00757434 /* Build configuration list for PBXNativeTarget "SpeedEvalUITests" */;
			buildPhases = (
				D845D9452647E76D00757434 /* Sources */,
				D845D9462647E76D00757434 /* Frameworks */,
				D845D9472647E76D00757434 /* Resources */,
			);
			buildRules = (
			);
			dependencies = (
				D845D94B2647E76D00757434 /* PBXTargetDependency */,
			);
			name = SpeedEvalUITests;
			productName = SpeedEvalUITests;
			productReference = D845D9492647E76D00757434 /* SpeedEvalUITests.xctest */;
			productType = "com.apple.product-type.bundle.ui-testing";
		};
/* End PBXNativeTarget section */

/* Begin PBXProject section */
		D845D9202647E76B00757434 /* Project object */ = {
			isa = PBXProject;
			attributes = {
				LastSwiftUpdateCheck = 1240;
				LastUpgradeCheck = 1240;
				TargetAttributes = {
					D845D9272647E76B00757434 = {
						CreatedOnToolsVersion = 12.4;
					};
					D845D93D2647E76D00757434 = {
						CreatedOnToolsVersion = 12.4;
						TestTargetID = D845D9272647E76B00757434;
					};
					D845D9482647E76D00757434 = {
						CreatedOnToolsVersion = 12.4;
						TestTargetID = D845D9272647E76B00757434;
					};
				};
			};
			buildConfigurationList = D845D9232647E76B00757434 /* Build configuration list for PBXProject "SpeedEval" */;
			compatibilityVersion = "Xcode 9.3";
			developmentRegion = en;
			hasScannedForEncodings = 0;
			knownRegions = (
				en,
				Base,
			);
			mainGroup = D845D91F2647E76B00757434;
			productRefGroup = D845D9292647E76B00757434 /* Products */;
			projectDirPath = "";
			projectRoot = "";
			targets = (
				D845D9272647E76B00757434 /* SpeedEval */,
				D845D93D2647E76D00757434 /* SpeedEvalTests */,
				D845D9482647E76D00757434 /* SpeedEvalUITests */,
			);
		};
/* End PBXProject section */

/* Begin PBXResourcesBuildPhase section */
		D845D9262647E76B00757434 /* Resources */ = {
			isa = PBXResourcesBuildPhase;
			buildActionMask = 2147483647;
			files = (
				D845D9382647E76D00757434 /* LaunchScreen.storyboard in Resources */,
				D845D9352647E76D00757434 /* Assets.xcassets in Resources */,
			);
			runOnlyForDeploymentPostprocessing = 0;
		};
		D845D93C2647E76D00757434 /* Resources */ = {
			isa = PBXResourcesBuildPhase;
			buildActionMask = 2147483647;
			files = (
			);
			runOnlyForDeploymentPostprocessing = 0;
		};
		D845D9472647E76D00757434 /* Resources */ = {
			isa = PBXResourcesBuildPhase;
			buildActionMask = 2147483647;
			files = (
			);
			runOnlyForDeploymentPostprocessing = 0;
		};
/* End PBXResourcesBuildPhase section */

/* Begin PBXSourcesBuildPhase section */
		D845D9242647E76B00757434 /* Sources */ = {
			isa = PBXSourcesBuildPhase;
			buildActionMask = 2147483647;
			files = (
				D845D96C2647E98100757434 /* MainViewController.swift in Sources */,
				D845D92C2647E76B00757434 /* AppDelegate.swift in Sources */,
				D845D95F2647E7F900757434 /* AppCommons.swift in Sources */,
			);
			runOnlyForDeploymentPostprocessing = 0;
		};
		D845D93A2647E76D00757434 /* Sources */ = {
			isa = PBXSourcesBuildPhase;
			buildActionMask = 2147483647;
			files = (
				D845D96D2647E98100757434 /* MainViewController.swift in Sources */,
				D845D9602647E7F900757434 /* AppCommons.swift in Sources */,
				D845D9432647E76D00757434 /* SpeedEvalTests.swift in Sources */,
			);
			runOnlyForDeploymentPostprocessing = 0;
		};
		D845D9452647E76D00757434 /* Sources */ = {
			isa = PBXSourcesBuildPhase;
			buildActionMask = 2147483647;
			files = (
				D845D96E2647E98100757434 /* MainViewController.swift in Sources */,
				D845D9612647E7F900757434 /* AppCommons.swift in Sources */,
				D845D94E2647E76D00757434 /* SpeedEvalUITests.swift in Sources */,
			);
			runOnlyForDeploymentPostprocessing = 0;
		};
/* End PBXSourcesBuildPhase section */

/* Begin PBXTargetDependency section */
		D845D9402647E76D00757434 /* PBXTargetDependency */ = {
			isa = PBXTargetDependency;
			target = D845D9272647E76B00757434 /* SpeedEval */;
			targetProxy = D845D93F2647E76D00757434 /* PBXContainerItemProxy */;
		};
		D845D94B2647E76D00757434 /* PBXTargetDependency */ = {
			isa = PBXTargetDependency;
			target = D845D9272647E76B00757434 /* SpeedEval */;
			targetProxy = D845D94A2647E76D00757434 /* PBXContainerItemProxy */;
		};
/* End PBXTargetDependency section */

/* Begin PBXVariantGroup section */
		D845D9362647E76D00757434 /* LaunchScreen.storyboard */ = {
			isa = PBXVariantGroup;
			children = (
				D845D9372647E76D00757434 /* Base */,
			);
			name = LaunchScreen.storyboard;
			sourceTree = "<group>";
		};
/* End PBXVariantGroup section */

/* Begin XCBuildConfiguration section */
		D845D9502647E76D00757434 /* Debug */ = {
			isa = XCBuildConfiguration;
			buildSettings = {
				ALWAYS_SEARCH_USER_PATHS = NO;
				CLANG_ANALYZER_NONNULL = YES;
				CLANG_ANALYZER_NUMBER_OBJECT_CONVERSION = YES_AGGRESSIVE;
				CLANG_CXX_LANGUAGE_STANDARD = "gnu++14";
				CLANG_CXX_LIBRARY = "libc++";
				CLANG_ENABLE_MODULES = YES;
				CLANG_ENABLE_OBJC_ARC = YES;
				CLANG_ENABLE_OBJC_WEAK = YES;
				CLANG_WARN_BLOCK_CAPTURE_AUTORELEASING = YES;
				CLANG_WARN_BOOL_CONVERSION = YES;
				CLANG_WARN_COMMA = YES;
				CLANG_WARN_CONSTANT_CONVERSION = YES;
				CLANG_WARN_DEPRECATED_OBJC_IMPLEMENTATIONS = YES;
				CLANG_WARN_DIRECT_OBJC_ISA_USAGE = YES_ERROR;
				CLANG_WARN_DOCUMENTATION_COMMENTS = YES;
				CLANG_WARN_EMPTY_BODY = YES;
				CLANG_WARN_ENUM_CONVERSION = YES;
				CLANG_WARN_INFINITE_RECURSION = YES;
				CLANG_WARN_INT_CONVERSION = YES;
				CLANG_WARN_NON_LITERAL_NULL_CONVERSION = YES;
				CLANG_WARN_OBJC_IMPLICIT_RETAIN_SELF = YES;
				CLANG_WARN_OBJC_LITERAL_CONVERSION = YES;
				CLANG_WARN_OBJC_ROOT_CLASS = YES_ERROR;
				CLANG_WARN_QUOTED_INCLUDE_IN_FRAMEWORK_HEADER = YES;
				CLANG_WARN_RANGE_LOOP_ANALYSIS = YES;
				CLANG_WARN_STRICT_PROTOTYPES = YES;
				CLANG_WARN_SUSPICIOUS_MOVE = YES;
				CLANG_WARN_UNGUARDED_AVAILABILITY = YES_AGGRESSIVE;
				CLANG_WARN_UNREACHABLE_CODE = YES;
				CLANG_WARN__DUPLICATE_METHOD_MATCH = YES;
				COPY_PHASE_STRIP = NO;
				DEBUG_INFORMATION_FORMAT = dwarf;
				ENABLE_STRICT_OBJC_MSGSEND = YES;
				ENABLE_TESTABILITY = YES;
				GCC_C_LANGUAGE_STANDARD = gnu11;
				GCC_DYNAMIC_NO_PIC = NO;
				GCC_NO_COMMON_BLOCKS = YES;
				GCC_OPTIMIZATION_LEVEL = 0;
				GCC_PREPROCESSOR_DEFINITIONS = (
					"DEBUG=1",
					"$(inherited)",
				);
				GCC_WARN_64_TO_32_BIT_CONVERSION = YES;
				GCC_WARN_ABOUT_RETURN_TYPE = YES_ERROR;
				GCC_WARN_UNDECLARED_SELECTOR = YES;
				GCC_WARN_UNINITIALIZED_AUTOS = YES_AGGRESSIVE;
				GCC_WARN_UNUSED_FUNCTION = YES;
				GCC_WARN_UNUSED_VARIABLE = YES;
				IPHONEOS_DEPLOYMENT_TARGET = 14.4;
				MTL_ENABLE_DEBUG_INFO = INCLUDE_SOURCE;
				MTL_FAST_MATH = YES;
				ONLY_ACTIVE_ARCH = YES;
				SDKROOT = iphoneos;
				SWIFT_ACTIVE_COMPILATION_CONDITIONS = DEBUG;
				SWIFT_OPTIMIZATION_LEVEL = "-Onone";
			};
			name = Debug;
		};
		D845D9512647E76D00757434 /* Release */ = {
			isa = XCBuildConfiguration;
			buildSettings = {
				ALWAYS_SEARCH_USER_PATHS = NO;
				CLANG_ANALYZER_NONNULL = YES;
				CLANG_ANALYZER_NUMBER_OBJECT_CONVERSION = YES_AGGRESSIVE;
				CLANG_CXX_LANGUAGE_STANDARD = "gnu++14";
				CLANG_CXX_LIBRARY = "libc++";
				CLANG_ENABLE_MODULES = YES;
				CLANG_ENABLE_OBJC_ARC = YES;
				CLANG_ENABLE_OBJC_WEAK = YES;
				CLANG_WARN_BLOCK_CAPTURE_AUTORELEASING = YES;
				CLANG_WARN_BOOL_CONVERSION = YES;
				CLANG_WARN_COMMA = YES;
				CLANG_WARN_CONSTANT_CONVERSION = YES;
				CLANG_WARN_DEPRECATED_OBJC_IMPLEMENTATIONS = YES;
				CLANG_WARN_DIRECT_OBJC_ISA_USAGE = YES_ERROR;
				CLANG_WARN_DOCUMENTATION_COMMENTS = YES;
				CLANG_WARN_EMPTY_BODY = YES;
				CLANG_WARN_ENUM_CONVERSION = YES;
				CLANG_WARN_INFINITE_RECURSION = YES;
				CLANG_WARN_INT_CONVERSION = YES;
				CLANG_WARN_NON_LITERAL_NULL_CONVERSION = YES;
				CLANG_WARN_OBJC_IMPLICIT_RETAIN_SELF = YES;
				CLANG_WARN_OBJC_LITERAL_CONVERSION = YES;
				CLANG_WARN_OBJC_ROOT_CLASS = YES_ERROR;
				CLANG_WARN_QUOTED_INCLUDE_IN_FRAMEWORK_HEADER = YES;
				CLANG_WARN_RANGE_LOOP_ANALYSIS = YES;
				CLANG_WARN_STRICT_PROTOTYPES = YES;
				CLANG_WARN_SUSPICIOUS_MOVE = YES;
				CLANG_WARN_UNGUARDED_AVAILABILITY = YES_AGGRESSIVE;
				CLANG_WARN_UNREACHABLE_CODE = YES;
				CLANG_WARN__DUPLICATE_METHOD_MATCH = YES;
				COPY_PHASE_STRIP = NO;
				DEBUG_INFORMATION_FORMAT = "dwarf-with-dsym";
				ENABLE_NS_ASSERTIONS = NO;
				ENABLE_STRICT_OBJC_MSGSEND = YES;
				GCC_C_LANGUAGE_STANDARD = gnu11;
				GCC_NO_COMMON_BLOCKS = YES;
				GCC_WARN_64_TO_32_BIT_CONVERSION = YES;
				GCC_WARN_ABOUT_RETURN_TYPE = YES_ERROR;
				GCC_WARN_UNDECLARED_SELECTOR = YES;
				GCC_WARN_UNINITIALIZED_AUTOS = YES_AGGRESSIVE;
				GCC_WARN_UNUSED_FUNCTION = YES;
				GCC_WARN_UNUSED_VARIABLE = YES;
				IPHONEOS_DEPLOYMENT_TARGET = 14.4;
				MTL_ENABLE_DEBUG_INFO = NO;
				MTL_FAST_MATH = YES;
				SDKROOT = iphoneos;
				SWIFT_COMPILATION_MODE = wholemodule;
				SWIFT_OPTIMIZATION_LEVEL = "-O";
				VALIDATE_PRODUCT = YES;
			};
			name = Release;
		};
		D845D9532647E76D00757434 /* Debug */ = {
			isa = XCBuildConfiguration;
			buildSettings = {
				ASSETCATALOG_COMPILER_APPICON_NAME = AppIcon;
				ASSETCATALOG_COMPILER_GLOBAL_ACCENT_COLOR_NAME = AccentColor;
				CODE_SIGN_STYLE = Automatic;
				DEVELOPMENT_TEAM = AG69MW5XR8;
				INFOPLIST_FILE = SpeedEval/Info.plist;
				LD_RUNPATH_SEARCH_PATHS = (
					"$(inherited)",
					"@executable_path/Frameworks",
				);
				PRODUCT_BUNDLE_IDENTIFIER = eu.soleriant.SpeedEval;
				PRODUCT_NAME = "$(TARGET_NAME)";
				SWIFT_VERSION = 5.0;
				TARGETED_DEVICE_FAMILY = "1,2";
			};
			name = Debug;
		};
		D845D9542647E76D00757434 /* Release */ = {
			isa = XCBuildConfiguration;
			buildSettings = {
				ASSETCATALOG_COMPILER_APPICON_NAME = AppIcon;
				ASSETCATALOG_COMPILER_GLOBAL_ACCENT_COLOR_NAME = AccentColor;
				CODE_SIGN_STYLE = Automatic;
				DEVELOPMENT_TEAM = AG69MW5XR8;
				INFOPLIST_FILE = SpeedEval/Info.plist;
				LD_RUNPATH_SEARCH_PATHS = (
					"$(inherited)",
					"@executable_path/Frameworks",
				);
				PRODUCT_BUNDLE_IDENTIFIER = eu.soleriant.SpeedEval;
				PRODUCT_NAME = "$(TARGET_NAME)";
				SWIFT_VERSION = 5.0;
				TARGETED_DEVICE_FAMILY = "1,2";
			};
			name = Release;
		};
		D845D9562647E76D00757434 /* Debug */ = {
			isa = XCBuildConfiguration;
			buildSettings = {
				ALWAYS_EMBED_SWIFT_STANDARD_LIBRARIES = YES;
				BUNDLE_LOADER = "$(TEST_HOST)";
				CODE_SIGN_STYLE = Automatic;
				DEVELOPMENT_TEAM = AG69MW5XR8;
				INFOPLIST_FILE = SpeedEvalTests/Info.plist;
				IPHONEOS_DEPLOYMENT_TARGET = 14.4;
				LD_RUNPATH_SEARCH_PATHS = (
					"$(inherited)",
					"@executable_path/Frameworks",
					"@loader_path/Frameworks",
				);
				PRODUCT_BUNDLE_IDENTIFIER = eu.soleriant.SpeedEvalTests;
				PRODUCT_NAME = "$(TARGET_NAME)";
				SWIFT_VERSION = 5.0;
				TARGETED_DEVICE_FAMILY = "1,2";
				TEST_HOST = "$(BUILT_PRODUCTS_DIR)/SpeedEval.app/SpeedEval";
			};
			name = Debug;
		};
		D845D9572647E76D00757434 /* Release */ = {
			isa = XCBuildConfiguration;
			buildSettings = {
				ALWAYS_EMBED_SWIFT_STANDARD_LIBRARIES = YES;
				BUNDLE_LOADER = "$(TEST_HOST)";
				CODE_SIGN_STYLE = Automatic;
				DEVELOPMENT_TEAM = AG69MW5XR8;
				INFOPLIST_FILE = SpeedEvalTests/Info.plist;
				IPHONEOS_DEPLOYMENT_TARGET = 14.4;
				LD_RUNPATH_SEARCH_PATHS = (
					"$(inherited)",
					"@executable_path/Frameworks",
					"@loader_path/Frameworks",
				);
				PRODUCT_BUNDLE_IDENTIFIER = eu.soleriant.SpeedEvalTests;
				PRODUCT_NAME = "$(TARGET_NAME)";
				SWIFT_VERSION = 5.0;
				TARGETED_DEVICE_FAMILY = "1,2";
				TEST_HOST = "$(BUILT_PRODUCTS_DIR)/SpeedEval.app/SpeedEval";
			};
			name = Release;
		};
		D845D9592647E76D00757434 /* Debug */ = {
			isa = XCBuildConfiguration;
			buildSettings = {
				ALWAYS_EMBED_SWIFT_STANDARD_LIBRARIES = YES;
				CODE_SIGN_STYLE = Automatic;
				DEVELOPMENT_TEAM = AG69MW5XR8;
				INFOPLIST_FILE = SpeedEvalUITests/Info.plist;
				LD_RUNPATH_SEARCH_PATHS = (
					"$(inherited)",
					"@executable_path/Frameworks",
					"@loader_path/Frameworks",
				);
				PRODUCT_BUNDLE_IDENTIFIER = eu.soleriant.SpeedEvalUITests;
				PRODUCT_NAME = "$(TARGET_NAME)";
				SWIFT_VERSION = 5.0;
				TARGETED_DEVICE_FAMILY = "1,2";
				TEST_TARGET_NAME = SpeedEval;
			};
			name = Debug;
		};
		D845D95A2647E76D00757434 /* Release */ = {
			isa = XCBuildConfiguration;
			buildSettings = {
				ALWAYS_EMBED_SWIFT_STANDARD_LIBRARIES = YES;
				CODE_SIGN_STYLE = Automatic;
				DEVELOPMENT_TEAM = AG69MW5XR8;
				INFOPLIST_FILE = SpeedEvalUITests/Info.plist;
				LD_RUNPATH_SEARCH_PATHS = (
					"$(inherited)",
					"@executable_path/Frameworks",
					"@loader_path/Frameworks",
				);
				PRODUCT_BUNDLE_IDENTIFIER = eu.soleriant.SpeedEvalUITests;
				PRODUCT_NAME = "$(TARGET_NAME)";
				SWIFT_VERSION = 5.0;
				TARGETED_DEVICE_FAMILY = "1,2";
				TEST_TARGET_NAME = SpeedEval;
			};
			name = Release;
		};
/* End XCBuildConfiguration section */

/* Begin XCConfigurationList section */
		D845D9232647E76B00757434 /* Build configuration list for PBXProject "SpeedEval" */ = {
			isa = XCConfigurationList;
			buildConfigurations = (
				D845D9502647E76D00757434 /* Debug */,
				D845D9512647E76D00757434 /* Release */,
			);
			defaultConfigurationIsVisible = 0;
			defaultConfigurationName = Release;
		};
		D845D9522647E76D00757434 /* Build configuration list for PBXNativeTarget "SpeedEval" */ = {
			isa = XCConfigurationList;
			buildConfigurations = (
				D845D9532647E76D00757434 /* Debug */,
				D845D9542647E76D00757434 /* Release */,
			);
			defaultConfigurationIsVisible = 0;
			defaultConfigurationName = Release;
		};
		D845D9552647E76D00757434 /* Build configuration list for PBXNativeTarget "SpeedEvalTests" */ = {
			isa = XCConfigurationList;
			buildConfigurations = (
				D845D9562647E76D00757434 /* Debug */,
				D845D9572647E76D00757434 /* Release */,
			);
			defaultConfigurationIsVisible = 0;
			defaultConfigurationName = Release;
		};
		D845D9582647E76D00757434 /* Build configuration list for PBXNativeTarget "SpeedEvalUITests" */ = {
			isa = XCConfigurationList;
			buildConfigurations = (
				D845D9592647E76D00757434 /* Debug */,
				D845D95A2647E76D00757434 /* Release */,
			);
			defaultConfigurationIsVisible = 0;
			defaultConfigurationName = Release;
		};
/* End XCConfigurationList section */
	};
	rootObject = D845D9202647E76B00757434 /* Project object */;
}
